// !$*UTF8*$!
{
	archiveVersion = 1;
	classes = {
	};
	objectVersion = 45;
	objects = {

/* Begin PBXBuildFile section */
		1D3623260D0F684500981E51 /* TestClientAppDelegate.mm in Sources */ = {isa = PBXBuildFile; fileRef = 1D3623250D0F684500981E51 /* TestClientAppDelegate.mm */; };
		1D60589B0D05DD56006BFB54 /* main.mm in Sources */ = {isa = PBXBuildFile; fileRef = 29B97316FDCFA39411CA2CEA /* main.mm */; };
		1D60589F0D05DD5A006BFB54 /* Foundation.framework in Frameworks */ = {isa = PBXBuildFile; fileRef = 1D30AB110D05D00D00671497 /* Foundation.framework */; };
		1DF5F4E00D08C38300B7A737 /* UIKit.framework in Frameworks */ = {isa = PBXBuildFile; fileRef = 1DF5F4DF0D08C38300B7A737 /* UIKit.framework */; };
		26300779100E2F59004C99A5 /* IPWFSession.mm in Sources */ = {isa = PBXBuildFile; fileRef = 26300778100E2F59004C99A5 /* IPWFSession.mm */; };
		263007D5100F0201004C99A5 /* paramseed.txt in Resources */ = {isa = PBXBuildFile; fileRef = 263007D4100F0201004C99A5 /* paramseed.txt */; };
		26F064D310107001009B60CB /* CoreGraphics.framework in Frameworks */ = {isa = PBXBuildFile; fileRef = 26F064D210107001009B60CB /* CoreGraphics.framework */; };
		28AD733F0D9D9553002E5188 /* MainWindow.xib in Resources */ = {isa = PBXBuildFile; fileRef = 28AD733E0D9D9553002E5188 /* MainWindow.xib */; };
		28FD14FE0DC6FC130079059D /* EAGLView.mm in Sources */ = {isa = PBXBuildFile; fileRef = 28FD14FD0DC6FC130079059D /* EAGLView.mm */; };
		28FD15000DC6FC520079059D /* OpenGLES.framework in Frameworks */ = {isa = PBXBuildFile; fileRef = 28FD14FF0DC6FC520079059D /* OpenGLES.framework */; };
		28FD15080DC6FC5B0079059D /* QuartzCore.framework in Frameworks */ = {isa = PBXBuildFile; fileRef = 28FD15070DC6FC5B0079059D /* QuartzCore.framework */; };
		2B78AD9D101064A300D9FE61 /* CoreLocation.framework in Frameworks */ = {isa = PBXBuildFile; fileRef = 2B78AD9C101064A300D9FE61 /* CoreLocation.framework */; };
		2B7EEF44101077870009CACF /* IPWFLocationHandler.mm in Sources */ = {isa = PBXBuildFile; fileRef = 2B7EEF43101077870009CACF /* IPWFLocationHandler.mm */; };
		A065DB17108EECAB00FF6E8E /* SystemConfiguration.framework in Frameworks */ = {isa = PBXBuildFile; fileRef = A065DB16108EECAB00FF6E8E /* SystemConfiguration.framework */; };
		A06D43EC1070F53700F44285 /* test.png in Resources */ = {isa = PBXBuildFile; fileRef = A06D43EB1070F53700F44285 /* test.png */; };
		DFBB91D31071013B006BF038 /* CFNetwork.framework in Frameworks */ = {isa = PBXBuildFile; fileRef = DFBB91D21071013B006BF038 /* CFNetwork.framework */; };
/* End PBXBuildFile section */

/* Begin PBXFileReference section */
		1D30AB110D05D00D00671497 /* Foundation.framework */ = {isa = PBXFileReference; lastKnownFileType = wrapper.framework; name = Foundation.framework; path = System/Library/Frameworks/Foundation.framework; sourceTree = SDKROOT; };
		1D3623240D0F684500981E51 /* TestClientAppDelegate.h */ = {isa = PBXFileReference; fileEncoding = 4; lastKnownFileType = sourcecode.c.h; path = TestClientAppDelegate.h; sourceTree = "<group>"; };
		1D3623250D0F684500981E51 /* TestClientAppDelegate.mm */ = {isa = PBXFileReference; fileEncoding = 4; lastKnownFileType = sourcecode.cpp.objcpp; path = TestClientAppDelegate.mm; sourceTree = "<group>"; };
		1D6058910D05DD3D006BFB54 /* TestClient.app */ = {isa = PBXFileReference; explicitFileType = wrapper.application; includeInIndex = 0; path = TestClient.app; sourceTree = BUILT_PRODUCTS_DIR; };
		1DF5F4DF0D08C38300B7A737 /* UIKit.framework */ = {isa = PBXFileReference; lastKnownFileType = wrapper.framework; name = UIKit.framework; path = System/Library/Frameworks/UIKit.framework; sourceTree = SDKROOT; };
		26300777100E2F59004C99A5 /* IPWFSession.h */ = {isa = PBXFileReference; fileEncoding = 4; lastKnownFileType = sourcecode.c.h; path = IPWFSession.h; sourceTree = "<group>"; };
		26300778100E2F59004C99A5 /* IPWFSession.mm */ = {isa = PBXFileReference; fileEncoding = 4; lastKnownFileType = sourcecode.cpp.objcpp; path = IPWFSession.mm; sourceTree = "<group>"; };
		263007D4100F0201004C99A5 /* paramseed.txt */ = {isa = PBXFileReference; fileEncoding = 4; lastKnownFileType = text; path = paramseed.txt; sourceTree = "<group>"; };
		26F064D210107001009B60CB /* CoreGraphics.framework */ = {isa = PBXFileReference; lastKnownFileType = wrapper.framework; name = CoreGraphics.framework; path = System/Library/Frameworks/CoreGraphics.framework; sourceTree = SDKROOT; };
		28AD733E0D9D9553002E5188 /* MainWindow.xib */ = {isa = PBXFileReference; lastKnownFileType = file.xib; path = MainWindow.xib; sourceTree = "<group>"; };
		28FD14FC0DC6FC130079059D /* EAGLView.h */ = {isa = PBXFileReference; fileEncoding = 4; lastKnownFileType = sourcecode.c.h; path = EAGLView.h; sourceTree = "<group>"; };
		28FD14FD0DC6FC130079059D /* EAGLView.mm */ = {isa = PBXFileReference; fileEncoding = 4; lastKnownFileType = sourcecode.cpp.objcpp; path = EAGLView.mm; sourceTree = "<group>"; };
		28FD14FF0DC6FC520079059D /* OpenGLES.framework */ = {isa = PBXFileReference; lastKnownFileType = wrapper.framework; name = OpenGLES.framework; path = System/Library/Frameworks/OpenGLES.framework; sourceTree = SDKROOT; };
		28FD15070DC6FC5B0079059D /* QuartzCore.framework */ = {isa = PBXFileReference; lastKnownFileType = wrapper.framework; name = QuartzCore.framework; path = System/Library/Frameworks/QuartzCore.framework; sourceTree = SDKROOT; };
		29B97316FDCFA39411CA2CEA /* main.mm */ = {isa = PBXFileReference; fileEncoding = 4; lastKnownFileType = sourcecode.cpp.objcpp; path = main.mm; sourceTree = "<group>"; };
		2B78AD9C101064A300D9FE61 /* CoreLocation.framework */ = {isa = PBXFileReference; lastKnownFileType = wrapper.framework; name = CoreLocation.framework; path = System/Library/Frameworks/CoreLocation.framework; sourceTree = SDKROOT; };
		2B7EEF42101077870009CACF /* IPWFLocationHandler.h */ = {isa = PBXFileReference; fileEncoding = 4; lastKnownFileType = sourcecode.c.h; path = IPWFLocationHandler.h; sourceTree = "<group>"; };
		2B7EEF43101077870009CACF /* IPWFLocationHandler.mm */ = {isa = PBXFileReference; fileEncoding = 4; lastKnownFileType = sourcecode.cpp.objcpp; path = IPWFLocationHandler.mm; sourceTree = "<group>"; };
		32CA4F630368D1EE00C91783 /* TestClient_Prefix.pch */ = {isa = PBXFileReference; fileEncoding = 4; lastKnownFileType = sourcecode.c.h; path = TestClient_Prefix.pch; sourceTree = "<group>"; };
		8D1107310486CEB800E47090 /* Info.plist */ = {isa = PBXFileReference; fileEncoding = 4; lastKnownFileType = text.plist.xml; path = Info.plist; sourceTree = "<group>"; };
		A065DB16108EECAB00FF6E8E /* SystemConfiguration.framework */ = {isa = PBXFileReference; lastKnownFileType = wrapper.framework; name = SystemConfiguration.framework; path = System/Library/Frameworks/SystemConfiguration.framework; sourceTree = SDKROOT; };
		A06D43EB1070F53700F44285 /* test.png */ = {isa = PBXFileReference; lastKnownFileType = image.png; path = test.png; sourceTree = "<group>"; };
		DFBB91D21071013B006BF038 /* CFNetwork.framework */ = {isa = PBXFileReference; lastKnownFileType = wrapper.framework; name = CFNetwork.framework; path = System/Library/Frameworks/CFNetwork.framework; sourceTree = SDKROOT; };
/* End PBXFileReference section */

/* Begin PBXFrameworksBuildPhase section */
		1D60588F0D05DD3D006BFB54 /* Frameworks */ = {
			isa = PBXFrameworksBuildPhase;
			buildActionMask = 2147483647;
			files = (
				1D60589F0D05DD5A006BFB54 /* Foundation.framework in Frameworks */,
				1DF5F4E00D08C38300B7A737 /* UIKit.framework in Frameworks */,
				28FD15000DC6FC520079059D /* OpenGLES.framework in Frameworks */,
				28FD15080DC6FC5B0079059D /* QuartzCore.framework in Frameworks */,
				26F064D310107001009B60CB /* CoreGraphics.framework in Frameworks */,
				2B78AD9D101064A300D9FE61 /* CoreLocation.framework in Frameworks */,
				DFBB91D31071013B006BF038 /* CFNetwork.framework in Frameworks */,
				A065DB17108EECAB00FF6E8E /* SystemConfiguration.framework in Frameworks */,
			);
			runOnlyForDeploymentPostprocessing = 0;
		};
/* End PBXFrameworksBuildPhase section */

/* Begin PBXGroup section */
		080E96DDFE201D6D7F000001 /* Classes */ = {
			isa = PBXGroup;
			children = (
				2B7EEF42101077870009CACF /* IPWFLocationHandler.h */,
				2B7EEF43101077870009CACF /* IPWFLocationHandler.mm */,
				26300777100E2F59004C99A5 /* IPWFSession.h */,
				26300778100E2F59004C99A5 /* IPWFSession.mm */,
				28FD14FC0DC6FC130079059D /* EAGLView.h */,
				28FD14FD0DC6FC130079059D /* EAGLView.mm */,
				1D3623240D0F684500981E51 /* TestClientAppDelegate.h */,
				1D3623250D0F684500981E51 /* TestClientAppDelegate.mm */,
			);
			path = Classes;
			sourceTree = "<group>";
		};
		19C28FACFE9D520D11CA2CBB /* Products */ = {
			isa = PBXGroup;
			children = (
				1D6058910D05DD3D006BFB54 /* TestClient.app */,
			);
			name = Products;
			sourceTree = "<group>";
		};
		29B97314FDCFA39411CA2CEA /* CustomTemplate */ = {
			isa = PBXGroup;
			children = (
				080E96DDFE201D6D7F000001 /* Classes */,
				29B97315FDCFA39411CA2CEA /* Other Sources */,
				29B97317FDCFA39411CA2CEA /* Resources */,
				29B97323FDCFA39411CA2CEA /* Frameworks */,
				19C28FACFE9D520D11CA2CBB /* Products */,
			);
			name = CustomTemplate;
			sourceTree = "<group>";
		};
		29B97315FDCFA39411CA2CEA /* Other Sources */ = {
			isa = PBXGroup;
			children = (
				A06D43EB1070F53700F44285 /* test.png */,
				32CA4F630368D1EE00C91783 /* TestClient_Prefix.pch */,
				29B97316FDCFA39411CA2CEA /* main.mm */,
			);
			name = "Other Sources";
			sourceTree = "<group>";
		};
		29B97317FDCFA39411CA2CEA /* Resources */ = {
			isa = PBXGroup;
			children = (
				28AD733E0D9D9553002E5188 /* MainWindow.xib */,
				8D1107310486CEB800E47090 /* Info.plist */,
				263007D4100F0201004C99A5 /* paramseed.txt */,
			);
			name = Resources;
			sourceTree = "<group>";
		};
		29B97323FDCFA39411CA2CEA /* Frameworks */ = {
			isa = PBXGroup;
			children = (
				DFBB91D21071013B006BF038 /* CFNetwork.framework */,
				26F064D210107001009B60CB /* CoreGraphics.framework */,
				2B78AD9C101064A300D9FE61 /* CoreLocation.framework */,
				28FD15070DC6FC5B0079059D /* QuartzCore.framework */,
				28FD14FF0DC6FC520079059D /* OpenGLES.framework */,
				1DF5F4DF0D08C38300B7A737 /* UIKit.framework */,
				1D30AB110D05D00D00671497 /* Foundation.framework */,
				A065DB16108EECAB00FF6E8E /* SystemConfiguration.framework */,
			);
			name = Frameworks;
			sourceTree = "<group>";
		};
/* End PBXGroup section */

/* Begin PBXNativeTarget section */
		1D6058900D05DD3D006BFB54 /* TestClient */ = {
			isa = PBXNativeTarget;
			buildConfigurationList = 1D6058960D05DD3E006BFB54 /* Build configuration list for PBXNativeTarget "TestClient" */;
			buildPhases = (
				1D60588D0D05DD3D006BFB54 /* Resources */,
				1D60588E0D05DD3D006BFB54 /* Sources */,
				1D60588F0D05DD3D006BFB54 /* Frameworks */,
			);
			buildRules = (
			);
			dependencies = (
			);
			name = TestClient;
			productName = TestClient;
			productReference = 1D6058910D05DD3D006BFB54 /* TestClient.app */;
			productType = "com.apple.product-type.application";
		};
/* End PBXNativeTarget section */

/* Begin PBXProject section */
		29B97313FDCFA39411CA2CEA /* Project object */ = {
			isa = PBXProject;
			buildConfigurationList = C01FCF4E08A954540054247B /* Build configuration list for PBXProject "TestClient" */;
			compatibilityVersion = "Xcode 3.1";
			hasScannedForEncodings = 1;
			mainGroup = 29B97314FDCFA39411CA2CEA /* CustomTemplate */;
			projectDirPath = "";
			projectRoot = "";
			targets = (
				1D6058900D05DD3D006BFB54 /* TestClient */,
			);
		};
/* End PBXProject section */

/* Begin PBXResourcesBuildPhase section */
		1D60588D0D05DD3D006BFB54 /* Resources */ = {
			isa = PBXResourcesBuildPhase;
			buildActionMask = 2147483647;
			files = (
				28AD733F0D9D9553002E5188 /* MainWindow.xib in Resources */,
				263007D5100F0201004C99A5 /* paramseed.txt in Resources */,
				A06D43EC1070F53700F44285 /* test.png in Resources */,
			);
			runOnlyForDeploymentPostprocessing = 0;
		};
/* End PBXResourcesBuildPhase section */

/* Begin PBXSourcesBuildPhase section */
		1D60588E0D05DD3D006BFB54 /* Sources */ = {
			isa = PBXSourcesBuildPhase;
			buildActionMask = 2147483647;
			files = (
				1D60589B0D05DD56006BFB54 /* main.mm in Sources */,
				1D3623260D0F684500981E51 /* TestClientAppDelegate.mm in Sources */,
				28FD14FE0DC6FC130079059D /* EAGLView.mm in Sources */,
				26300779100E2F59004C99A5 /* IPWFSession.mm in Sources */,
				2B7EEF44101077870009CACF /* IPWFLocationHandler.mm in Sources */,
			);
			runOnlyForDeploymentPostprocessing = 0;
		};
/* End PBXSourcesBuildPhase section */

/* Begin XCBuildConfiguration section */
		1D6058940D05DD3E006BFB54 /* Debug */ = {
			isa = XCBuildConfiguration;
			buildSettings = {
				ALWAYS_SEARCH_USER_PATHS = NO;
				COPY_PHASE_STRIP = NO;
				GCC_DYNAMIC_NO_PIC = NO;
				GCC_OPTIMIZATION_LEVEL = 0;
				GCC_PRECOMPILE_PREFIX_HEADER = YES;
				GCC_PREFIX_HEADER = TestClient_Prefix.pch;
				GCC_THUMB_SUPPORT = NO;
				INFOPLIST_FILE = Info.plist;
				LIBRARY_SEARCH_PATHS = (
					"$(inherited)",
					"\"$(SRCROOT)/../../../Objs/fat-iphone-v3/debug/Targets/CommonLib\"",
					"\"$(SRCROOT)/../../../Objs/fat-iphone-v3/debug/Targets/MapLib\"",
					"\"$(SRCROOT)/../../../Objs/fat-iphone-v3/debug/Targets/Nav2API\"",
					"\"$(SRCROOT)/../../../Objs/fat-iphone-v3/debug/Targets/PAL\"",
				);
				OTHER_LDFLAGS = (
					"-lz",
					"-lCombinedSearch",
					"-lCommonLib",
					"-lCommonModule",
					"-lCtrlHubModule",
					"-lDestinationsModule",
					"-lGpsSirfModule",
					"-lGuiProt",
					"-lMapLib",
					"-lNav2API",
					"-lNav2lib",
					"-lNavServerComModule",
					"-lNavTask",
					"-lPAL",
					"-lParameterModule",
					"-lQueueSerialModule",
					"-lShared",
					"-lTcpSerialModule",
					"-lUiCtrlModule",
				);
				PRODUCT_NAME = TestClient;
			};
			name = Debug;
		};
		1D6058950D05DD3E006BFB54 /* Release */ = {
			isa = XCBuildConfiguration;
			buildSettings = {
				ALWAYS_SEARCH_USER_PATHS = NO;
				COPY_PHASE_STRIP = YES;
				GCC_PRECOMPILE_PREFIX_HEADER = YES;
				GCC_PREFIX_HEADER = TestClient_Prefix.pch;
				HEADER_SEARCH_PATHS = (
					../../Nav2API/Export/include/Shared,
					../../MapLib/Export/include/iPhone,
					../../MapLib/Export/include/Shared,
					../../Nav2API/Export/include/iPhone,
					../../PAL/include,
					../WFNav2API/include/Shared,
					../WFMapAPI/include/iPhone,
					../WFMapAPI/include/Shared,
					../WFNav2API/include/iPhone,
					../WFPAL/include,
				);
				INFOPLIST_FILE = Info.plist;
				LIBRARY_SEARCH_PATHS = (
					"$(inherited)",
					"\"$(SRCROOT)/../../../Objs/fat-iphone-v3/release/Targets/Nav2API\"/**",
					"\"$(SRCROOT)/../../../Objs/fat-iphone-v3/release/Targets/MapLib\"/**",
					"\"$(SRCROOT)/../../../Objs/fat-iphone-v3/release/Targets/CommonLib\"/**",
					"\"$(SRCROOT)/../../../Objs/fat-iphone-v3/release/Targets/PAL\"/**",
				);
				OTHER_LDFLAGS = (
					"-lz",
					"-lCombinedSearch",
					"-lCommonLib",
					"-lCommonModule",
					"-lCtrlHubModule",
					"-lDestinationsModule",
					"-lGpsSirfModule",
					"-lGuiProt",
					"-lMapLib",
					"-lNav2API",
					"-lNav2lib",
					"-lNavServerComModule",
					"-lNavTask",
					"-lPAL",
					"-lParameterModule",
					"-lQueueSerialModule",
					"-lShared",
					"-lTcpSerialModule",
					"-lUiCtrlModule",
				);
				PRODUCT_NAME = TestClient;
			};
			name = Release;
		};
		C01FCF4F08A954540054247B /* Debug */ = {
			isa = XCBuildConfiguration;
			buildSettings = {
				ARCHS = "$(ARCHS_STANDARD_32_BIT)";
				"CODE_SIGN_IDENTITY[sdk=iphoneos*]" = "iPhone Developer";
				GCC_C_LANGUAGE_STANDARD = c99;
				GCC_WARN_ABOUT_RETURN_TYPE = YES;
				GCC_WARN_UNUSED_VARIABLE = YES;
				HEADER_SEARCH_PATHS = (
					../../Nav2API/Export/include/Shared,
					../../MapLib/Export/include/iPhone,
					../../MapLib/Export/include/Shared,
					../../Nav2API/Export/include/iPhone,
					../../PAL/include,
					../WFNav2API/include/Shared,
					../WFMapAPI/include/iPhone,
					../WFMapAPI/include/Shared,
					../WFNav2API/include/iPhone,
					../WFPAL/include,
				);
				LIBRARY_SEARCH_PATHS = (
					"../WFNav2API/lib/debug/**",
					"../WFMapAPI/lib/debug/**",
					"../WFCommonAPI/lib/debug/**",
					"../WFPAL/lib/debug/**",
					"../../../../lib/Debug//**",
					"../../../Objs/fat-iphone-v3/debug/Targets/Nav2API/**",
					"../../../Objs/fat-iphone-v3/debug/Targets/MapLib/**",
					"../../../Objs/fat-iphone-v3/debug/Targets/CommonLib/**",
					"../../../Objs/fat-iphone-v3/debug/Targets/PAL/**",
				);
				ONLY_ACTIVE_ARCH = YES;
				OTHER_LDFLAGS = "-lz";
				PREBINDING = NO;
				"PROVISIONING_PROFILE[sdk=iphoneos*]" = "";
				SDKROOT = iphonesimulator3.1.3;
			};
			name = Debug;
		};
		C01FCF5008A954540054247B /* Release */ = {
			isa = XCBuildConfiguration;
			buildSettings = {
				ARCHS = "$(ARCHS_STANDARD_32_BIT)";
				"CODE_SIGN_IDENTITY[sdk=iphoneos*]" = "iPhone Developer";
				GCC_C_LANGUAGE_STANDARD = c99;
				GCC_WARN_ABOUT_RETURN_TYPE = YES;
				GCC_WARN_UNUSED_VARIABLE = YES;
				HEADER_SEARCH_PATHS = (
					../../Nav2API/Export/include/Shared,
					../../MapLib/Export/include/iPhone,
					../../MapLib/Export/include/Shared,
					../../Nav2API/Export/include/iPhone,
					../WFNav2API/include/Shared,
					../WFMapAPI/include/iPhone,
					../WFMapAPI/include/Shared,
					../WFNav2API/include/iPhone,
				);
				LIBRARY_SEARCH_PATHS = (
					"../WFNav2API/lib/release/**",
					"../WFMapAPI/lib/release/**",
					"../WFCommonAPI/lib/release/**",
					"../WFPAL/lib/release/**",
					"../../../../lib/Release//**",
					"../../../Objs/fat-iphone-v3/release/Targets/Nav2API/**",
					"../../../Objs/fat-iphone-v3/release/Targets/MapLib/**",
					"../../../Objs/fat-iphone-v3/release/Targets/CommonLib/**",
					"../../../Objs/fat-iphone-v3/release/Targets/PAL/**",
				);
				OTHER_LDFLAGS = "-lz";
				PREBINDING = NO;
				SDKROOT = iphonesimulator3.1.3;
			};
			name = Release;
		};
/* End XCBuildConfiguration section */

/* Begin XCConfigurationList section */
		1D6058960D05DD3E006BFB54 /* Build configuration list for PBXNativeTarget "TestClient" */ = {
			isa = XCConfigurationList;
			buildConfigurations = (
				1D6058940D05DD3E006BFB54 /* Debug */,
				1D6058950D05DD3E006BFB54 /* Release */,
			);
			defaultConfigurationIsVisible = 0;
			defaultConfigurationName = Release;
		};
		C01FCF4E08A954540054247B /* Build configuration list for PBXProject "TestClient" */ = {
			isa = XCConfigurationList;
			buildConfigurations = (
				C01FCF4F08A954540054247B /* Debug */,
				C01FCF5008A954540054247B /* Release */,
			);
			defaultConfigurationIsVisible = 0;
			defaultConfigurationName = Release;
		};
/* End XCConfigurationList section */
	};
	rootObject = 29B97313FDCFA39411CA2CEA /* Project object */;
}
