
Microsoft Visual Studio Solution File, Format Version 10.00
# Visual Studio 2008
Project("{8BC9CEB8-8B4A-11D0-8D11-00A0C91BC942}") = "WinMobileWFAPITestClient", "WinMobileWFAPITestClient.vcproj", "{840E4080-703C-4154-A917-F5FEA0AB5D53}"
EndProject
Project("{B900F1C2-3D47-4FEC-85B3-04AAF18C3634}") = "CAB_WinMobileWFAPITestClient", "CAB_WinMobileWFAPITestClient\CAB_WinMobileWFAPITestClient.vddproj", "{5F4547F4-E8A6-48AA-8F23-D66BC0FDC287}"
EndProject
Global
	GlobalSection(SolutionConfigurationPlatforms) = preSolution
		Debug|Windows Mobile 6 Professional SDK (ARMV4I) = Debug|Windows Mobile 6 Professional SDK (ARMV4I)
		Release|Windows Mobile 6 Professional SDK (ARMV4I) = Release|Windows Mobile 6 Professional SDK (ARMV4I)
	EndGlobalSection
	GlobalSection(ProjectConfigurationPlatforms) = postSolution
		{840E4080-703C-4154-A917-F5FEA0AB5D53}.Debug|Windows Mobile 6 Professional SDK (ARMV4I).ActiveCfg = Debug|Windows Mobile 6 Professional SDK (ARMV4I)
		{840E4080-703C-4154-A917-F5FEA0AB5D53}.Debug|Windows Mobile 6 Professional SDK (ARMV4I).Build.0 = Debug|Windows Mobile 6 Professional SDK (ARMV4I)
		{840E4080-703C-4154-A917-F5FEA0AB5D53}.Debug|Windows Mobile 6 Professional SDK (ARMV4I).Deploy.0 = Debug|Windows Mobile 6 Professional SDK (ARMV4I)
		{840E4080-703C-4154-A917-F5FEA0AB5D53}.Release|Windows Mobile 6 Professional SDK (ARMV4I).ActiveCfg = Release|Windows Mobile 6 Professional SDK (ARMV4I)
		{840E4080-703C-4154-A917-F5FEA0AB5D53}.Release|Windows Mobile 6 Professional SDK (ARMV4I).Build.0 = Release|Windows Mobile 6 Professional SDK (ARMV4I)
		{840E4080-703C-4154-A917-F5FEA0AB5D53}.Release|Windows Mobile 6 Professional SDK (ARMV4I).Deploy.0 = Release|Windows Mobile 6 Professional SDK (ARMV4I)
		{5F4547F4-E8A6-48AA-8F23-D66BC0FDC287}.Debug|Windows Mobile 6 Professional SDK (ARMV4I).ActiveCfg = Debug
		{5F4547F4-E8A6-48AA-8F23-D66BC0FDC287}.Release|Windows Mobile 6 Professional SDK (ARMV4I).ActiveCfg = Release
	EndGlobalSection
	GlobalSection(SolutionProperties) = preSolution
		HideSolutionNode = FALSE
	EndGlobalSection
EndGlobal
